// !$*UTF8*$!
{
	archiveVersion = 1;
	classes = {
	};
	objectVersion = 77;
	objects = {

/* Begin PBXBuildFile section */
		A00781B02D75F23400636CD6 /* AddToCartButton.swift in Sources */ = {isa = PBXBuildFile; fileRef = A00781AF2D75F23400636CD6 /* AddToCartButton.swift */; };
		A00781B22D76284B00636CD6 /* PlusButton.swift in Sources */ = {isa = PBXBuildFile; fileRef = A00781B12D76284B00636CD6 /* PlusButton.swift */; };
		A0080BFC2D68B80800232838 /* ComposableArchitecture in Frameworks */ = {isa = PBXBuildFile; productRef = A0080BFB2D68B80800232838 /* ComposableArchitecture */; };
		A0A4042F2D6984C500D71B67 /* Drink.swift in Sources */ = {isa = PBXBuildFile; fileRef = A0A404232D6984C500D71B67 /* Drink.swift */; };
		A0A404302D6984C500D71B67 /* ProductCell.swift in Sources */ = {isa = PBXBuildFile; fileRef = A0A404242D6984C500D71B67 /* ProductCell.swift */; };
		A0A404312D6984C500D71B67 /* DrinkDomain.swift in Sources */ = {isa = PBXBuildFile; fileRef = A0A404252D6984C500D71B67 /* DrinkDomain.swift */; };
		A0A404332D6984C500D71B67 /* SwiftTCAShopDemoApp.swift in Sources */ = {isa = PBXBuildFile; fileRef = A0A4042A2D6984C500D71B67 /* SwiftTCAShopDemoApp.swift */; };
		A0A404342D6984C500D71B67 /* Preview Assets.xcassets in Resources */ = {isa = PBXBuildFile; fileRef = A0A404212D6984C500D71B67 /* Preview Assets.xcassets */; };
		A0A404352D6984C500D71B67 /* Assets.xcassets in Resources */ = {isa = PBXBuildFile; fileRef = A0A404272D6984C500D71B67 /* Assets.xcassets */; };
		A0A404442D69D42100D71B67 /* APIClient.swift in Sources */ = {isa = PBXBuildFile; fileRef = A0A404432D69D41E00D71B67 /* APIClient.swift */; };
		A0A404D32D6A116C00D71B67 /* CartItem.swift in Sources */ = {isa = PBXBuildFile; fileRef = A0A404D22D6A116700D71B67 /* CartItem.swift */; };
		A0AF0BC52D73705F003594C6 /* CartModifyDomain.swift in Sources */ = {isa = PBXBuildFile; fileRef = A0AF0BC42D737052003594C6 /* CartModifyDomain.swift */; };
		A0DAC33E2D6B6E4800A6D085 /* HomeView.swift in Sources */ = {isa = PBXBuildFile; fileRef = A0DAC33D2D6B6E4400A6D085 /* HomeView.swift */; };
		A0DAC3402D6B6E4E00A6D085 /* HomeDomain.swift in Sources */ = {isa = PBXBuildFile; fileRef = A0DAC33F2D6B6E4A00A6D085 /* HomeDomain.swift */; };
		A0E3C4FB2D71738600DE1B89 /* Kingfisher in Frameworks */ = {isa = PBXBuildFile; productRef = A0E3C4FA2D71738600DE1B89 /* Kingfisher */; };
		A0E3C4FF2D71E66D00DE1B89 /* CartHistoryDomain.swift in Sources */ = {isa = PBXBuildFile; fileRef = A0E3C4FE2D71E66500DE1B89 /* CartHistoryDomain.swift */; };
		A0E3C5032D72B1A800DE1B89 /* IceMenu.swift in Sources */ = {isa = PBXBuildFile; fileRef = A0E3C5022D72B1A600DE1B89 /* IceMenu.swift */; };
		A0E3C5062D72B21600DE1B89 /* SugarMenu.swift in Sources */ = {isa = PBXBuildFile; fileRef = A0E3C5052D72B20900DE1B89 /* SugarMenu.swift */; };
		A0E3C5082D72BD3800DE1B89 /* SizeMenu.swift in Sources */ = {isa = PBXBuildFile; fileRef = A0E3C5072D72BD2A00DE1B89 /* SizeMenu.swift */; };
		A0E3C50A2D72D2AC00DE1B89 /* jf-openhuninn-2.1.ttf in Resources */ = {isa = PBXBuildFile; fileRef = A0E3C5092D72D2AC00DE1B89 /* jf-openhuninn-2.1.ttf */; };
		A0E3C50F2D733D5D00DE1B89 /* CartModifyCardView.swift in Sources */ = {isa = PBXBuildFile; fileRef = A0E3C50E2D733D4C00DE1B89 /* CartModifyCardView.swift */; };
		A0E3C5112D73496900DE1B89 /* FloatCartView.swift in Sources */ = {isa = PBXBuildFile; fileRef = A0E3C5102D73496200DE1B89 /* FloatCartView.swift */; };
		A0E3C5132D734A4300DE1B89 /* Badge.swift in Sources */ = {isa = PBXBuildFile; fileRef = A0E3C5122D734A3D00DE1B89 /* Badge.swift */; };
		A0F5EBA82D6F565000E2618D /* CartEditView.swift in Sources */ = {isa = PBXBuildFile; fileRef = A0F5EBA72D6F564900E2618D /* CartEditView.swift */; };
		A0F5EBAA2D6F56CE00E2618D /* CartHistoryListView.swift in Sources */ = {isa = PBXBuildFile; fileRef = A0F5EBA92D6F56C600E2618D /* CartHistoryListView.swift */; };
		A119B8922D6DA42300485C2B /* CartEditDomain.swift in Sources */ = {isa = PBXBuildFile; fileRef = A119B8912D6DA41E00485C2B /* CartEditDomain.swift */; };
		A119B8942D6DB60400485C2B /* DrinkSegment.swift in Sources */ = {isa = PBXBuildFile; fileRef = A119B8932D6DB60000485C2B /* DrinkSegment.swift */; };
		A1CDF1FE2D792F3C002C367C /* CartHistoryCardView.swift in Sources */ = {isa = PBXBuildFile; fileRef = A1CDF1FD2D792F35002C367C /* CartHistoryCardView.swift */; };
		A1CF37372D6EFED700981CBE /* CartModifyListView.swift in Sources */ = {isa = PBXBuildFile; fileRef = A1CF37362D6EFED200981CBE /* CartModifyListView.swift */; };
		A1DD13342D6C217E008833EF /* CartItemDomain.swift in Sources */ = {isa = PBXBuildFile; fileRef = A1DD13332D6C217A008833EF /* CartItemDomain.swift */; };
/* End PBXBuildFile section */

/* Begin PBXContainerItemProxy section */
		A0080BDE2D68B68C00232838 /* PBXContainerItemProxy */ = {
			isa = PBXContainerItemProxy;
			containerPortal = A0080BC42D68B68B00232838 /* Project object */;
			proxyType = 1;
			remoteGlobalIDString = A0080BCB2D68B68B00232838;
			remoteInfo = SwiftTCAShopDemo;
		};
		A0080BE82D68B68C00232838 /* PBXContainerItemProxy */ = {
			isa = PBXContainerItemProxy;
			containerPortal = A0080BC42D68B68B00232838 /* Project object */;
			proxyType = 1;
			remoteGlobalIDString = A0080BCB2D68B68B00232838;
			remoteInfo = SwiftTCAShopDemo;
		};
/* End PBXContainerItemProxy section */

/* Begin PBXFileReference section */
		A00781AF2D75F23400636CD6 /* AddToCartButton.swift */ = {isa = PBXFileReference; lastKnownFileType = sourcecode.swift; path = AddToCartButton.swift; sourceTree = "<group>"; };
		A00781B12D76284B00636CD6 /* PlusButton.swift */ = {isa = PBXFileReference; lastKnownFileType = sourcecode.swift; path = PlusButton.swift; sourceTree = "<group>"; };
		A0080BCC2D68B68B00232838 /* SwiftTCAShopDemo.app */ = {isa = PBXFileReference; explicitFileType = wrapper.application; includeInIndex = 0; path = SwiftTCAShopDemo.app; sourceTree = BUILT_PRODUCTS_DIR; };
		A0080BDD2D68B68C00232838 /* SwiftTCAShopDemoTests.xctest */ = {isa = PBXFileReference; explicitFileType = wrapper.cfbundle; includeInIndex = 0; path = SwiftTCAShopDemoTests.xctest; sourceTree = BUILT_PRODUCTS_DIR; };
		A0080BE72D68B68C00232838 /* SwiftTCAShopDemoUITests.xctest */ = {isa = PBXFileReference; explicitFileType = wrapper.cfbundle; includeInIndex = 0; path = SwiftTCAShopDemoUITests.xctest; sourceTree = BUILT_PRODUCTS_DIR; };
		A0A404212D6984C500D71B67 /* Preview Assets.xcassets */ = {isa = PBXFileReference; lastKnownFileType = folder.assetcatalog; path = "Preview Assets.xcassets"; sourceTree = "<group>"; };
		A0A404232D6984C500D71B67 /* Drink.swift */ = {isa = PBXFileReference; lastKnownFileType = sourcecode.swift; path = Drink.swift; sourceTree = "<group>"; };
		A0A404242D6984C500D71B67 /* ProductCell.swift */ = {isa = PBXFileReference; lastKnownFileType = sourcecode.swift; path = ProductCell.swift; sourceTree = "<group>"; };
		A0A404252D6984C500D71B67 /* DrinkDomain.swift */ = {isa = PBXFileReference; lastKnownFileType = sourcecode.swift; path = DrinkDomain.swift; sourceTree = "<group>"; };
		A0A404272D6984C500D71B67 /* Assets.xcassets */ = {isa = PBXFileReference; lastKnownFileType = folder.assetcatalog; path = Assets.xcassets; sourceTree = "<group>"; };
		A0A404292D6984C500D71B67 /* SwiftTCAShopDemo.entitlements */ = {isa = PBXFileReference; lastKnownFileType = text.plist.entitlements; path = SwiftTCAShopDemo.entitlements; sourceTree = "<group>"; };
		A0A4042A2D6984C500D71B67 /* SwiftTCAShopDemoApp.swift */ = {isa = PBXFileReference; lastKnownFileType = sourcecode.swift; path = SwiftTCAShopDemoApp.swift; sourceTree = "<group>"; };
		A0A404432D69D41E00D71B67 /* APIClient.swift */ = {isa = PBXFileReference; lastKnownFileType = sourcecode.swift; path = APIClient.swift; sourceTree = "<group>"; };
		A0A404D22D6A116700D71B67 /* CartItem.swift */ = {isa = PBXFileReference; lastKnownFileType = sourcecode.swift; path = CartItem.swift; sourceTree = "<group>"; };
		A0AF0BC42D737052003594C6 /* CartModifyDomain.swift */ = {isa = PBXFileReference; lastKnownFileType = sourcecode.swift; path = CartModifyDomain.swift; sourceTree = "<group>"; };
		A0DAC33D2D6B6E4400A6D085 /* HomeView.swift */ = {isa = PBXFileReference; lastKnownFileType = sourcecode.swift; path = HomeView.swift; sourceTree = "<group>"; };
		A0DAC33F2D6B6E4A00A6D085 /* HomeDomain.swift */ = {isa = PBXFileReference; lastKnownFileType = sourcecode.swift; path = HomeDomain.swift; sourceTree = "<group>"; };
		A0E3C4FE2D71E66500DE1B89 /* CartHistoryDomain.swift */ = {isa = PBXFileReference; lastKnownFileType = sourcecode.swift; path = CartHistoryDomain.swift; sourceTree = "<group>"; };
		A0E3C5022D72B1A600DE1B89 /* IceMenu.swift */ = {isa = PBXFileReference; lastKnownFileType = sourcecode.swift; path = IceMenu.swift; sourceTree = "<group>"; };
		A0E3C5052D72B20900DE1B89 /* SugarMenu.swift */ = {isa = PBXFileReference; lastKnownFileType = sourcecode.swift; path = SugarMenu.swift; sourceTree = "<group>"; };
		A0E3C5072D72BD2A00DE1B89 /* SizeMenu.swift */ = {isa = PBXFileReference; lastKnownFileType = sourcecode.swift; path = SizeMenu.swift; sourceTree = "<group>"; };
		A0E3C5092D72D2AC00DE1B89 /* jf-openhuninn-2.1.ttf */ = {isa = PBXFileReference; lastKnownFileType = file; path = "jf-openhuninn-2.1.ttf"; sourceTree = "<group>"; };
		A0E3C50B2D72D2E200DE1B89 /* Info.plist */ = {isa = PBXFileReference; lastKnownFileType = text.plist; path = Info.plist; sourceTree = "<group>"; };
		A0E3C50E2D733D4C00DE1B89 /* CartModifyCardView.swift */ = {isa = PBXFileReference; lastKnownFileType = sourcecode.swift; path = CartModifyCardView.swift; sourceTree = "<group>"; };
		A0E3C5102D73496200DE1B89 /* FloatCartView.swift */ = {isa = PBXFileReference; lastKnownFileType = sourcecode.swift; path = FloatCartView.swift; sourceTree = "<group>"; };
		A0E3C5122D734A3D00DE1B89 /* Badge.swift */ = {isa = PBXFileReference; lastKnownFileType = sourcecode.swift; path = Badge.swift; sourceTree = "<group>"; };
		A0F5EBA72D6F564900E2618D /* CartEditView.swift */ = {isa = PBXFileReference; lastKnownFileType = sourcecode.swift; path = CartEditView.swift; sourceTree = "<group>"; };
		A0F5EBA92D6F56C600E2618D /* CartHistoryListView.swift */ = {isa = PBXFileReference; lastKnownFileType = sourcecode.swift; path = CartHistoryListView.swift; sourceTree = "<group>"; };
		A119B8912D6DA41E00485C2B /* CartEditDomain.swift */ = {isa = PBXFileReference; lastKnownFileType = sourcecode.swift; path = CartEditDomain.swift; sourceTree = "<group>"; };
		A119B8932D6DB60000485C2B /* DrinkSegment.swift */ = {isa = PBXFileReference; lastKnownFileType = sourcecode.swift; path = DrinkSegment.swift; sourceTree = "<group>"; };
		A1CDF1FD2D792F35002C367C /* CartHistoryCardView.swift */ = {isa = PBXFileReference; lastKnownFileType = sourcecode.swift; path = CartHistoryCardView.swift; sourceTree = "<group>"; };
		A1CF37362D6EFED200981CBE /* CartModifyListView.swift */ = {isa = PBXFileReference; lastKnownFileType = sourcecode.swift; path = CartModifyListView.swift; sourceTree = "<group>"; };
		A1DD13332D6C217A008833EF /* CartItemDomain.swift */ = {isa = PBXFileReference; lastKnownFileType = sourcecode.swift; path = CartItemDomain.swift; sourceTree = "<group>"; };
/* End PBXFileReference section */

/* Begin PBXFileSystemSynchronizedRootGroup section */
		A0080BE02D68B68C00232838 /* SwiftTCAShopDemoTests */ = {
			isa = PBXFileSystemSynchronizedRootGroup;
			path = SwiftTCAShopDemoTests;
			sourceTree = "<group>";
		};
		A0080BEA2D68B68C00232838 /* SwiftTCAShopDemoUITests */ = {
			isa = PBXFileSystemSynchronizedRootGroup;
			path = SwiftTCAShopDemoUITests;
			sourceTree = "<group>";
		};
/* End PBXFileSystemSynchronizedRootGroup section */

/* Begin PBXFrameworksBuildPhase section */
		A0080BC92D68B68B00232838 /* Frameworks */ = {
			isa = PBXFrameworksBuildPhase;
			buildActionMask = 2147483647;
			files = (
				A0E3C4FB2D71738600DE1B89 /* Kingfisher in Frameworks */,
				A0080BFC2D68B80800232838 /* ComposableArchitecture in Frameworks */,
			);
			runOnlyForDeploymentPostprocessing = 0;
		};
		A0080BDA2D68B68C00232838 /* Frameworks */ = {
			isa = PBXFrameworksBuildPhase;
			buildActionMask = 2147483647;
			files = (
			);
			runOnlyForDeploymentPostprocessing = 0;
		};
		A0080BE42D68B68C00232838 /* Frameworks */ = {
			isa = PBXFrameworksBuildPhase;
			buildActionMask = 2147483647;
			files = (
			);
			runOnlyForDeploymentPostprocessing = 0;
		};
/* End PBXFrameworksBuildPhase section */

/* Begin PBXGroup section */
		A0080BC32D68B68B00232838 = {
			isa = PBXGroup;
			children = (
				A0A4042B2D6984C500D71B67 /* SwiftTCAShopDemo */,
				A0080BE02D68B68C00232838 /* SwiftTCAShopDemoTests */,
				A0080BEA2D68B68C00232838 /* SwiftTCAShopDemoUITests */,
				A0080BCD2D68B68B00232838 /* Products */,
			);
			sourceTree = "<group>";
		};
		A0080BCD2D68B68B00232838 /* Products */ = {
			isa = PBXGroup;
			children = (
				A0080BCC2D68B68B00232838 /* SwiftTCAShopDemo.app */,
				A0080BDD2D68B68C00232838 /* SwiftTCAShopDemoTests.xctest */,
				A0080BE72D68B68C00232838 /* SwiftTCAShopDemoUITests.xctest */,
			);
			name = Products;
			sourceTree = "<group>";
		};
		A067EAD42D83D83A00A25020 /* Components */ = {
			isa = PBXGroup;
			children = (
				A0AEC99A2D78B65E00CCD2E0 /* Gadgets */,
			);
			path = Components;
			sourceTree = "<group>";
		};
		A0A404202D6984C500D71B67 /* Components */ = {
			isa = PBXGroup;
			children = (
				A0A404242D6984C500D71B67 /* ProductCell.swift */,
				A0F5EBA62D6F4DD100E2618D /* Gadgets */,
			);
			path = Components;
			sourceTree = "<group>";
		};
		A0A404222D6984C500D71B67 /* Preview Content */ = {
			isa = PBXGroup;
			children = (
				A0A404212D6984C500D71B67 /* Preview Assets.xcassets */,
			);
			path = "Preview Content";
			sourceTree = "<group>";
		};
		A0A4042B2D6984C500D71B67 /* SwiftTCAShopDemo */ = {
			isa = PBXGroup;
			children = (
				A0E3C50B2D72D2E200DE1B89 /* Info.plist */,
				A0A4042A2D6984C500D71B67 /* SwiftTCAShopDemoApp.swift */,
				A0A404272D6984C500D71B67 /* Assets.xcassets */,
				A0E3C5092D72D2AC00DE1B89 /* jf-openhuninn-2.1.ttf */,
				A0A404292D6984C500D71B67 /* SwiftTCAShopDemo.entitlements */,
				A0A404222D6984C500D71B67 /* Preview Content */,
				A0E3C4F02D71552E00DE1B89 /* Model */,
				A0A404412D69CCB800D71B67 /* Dependency */,
				A0DAC33C2D6B6E3B00A6D085 /* View */,
				A0E3C4F12D7155D600DE1B89 /* Domain */,
			);
			path = SwiftTCAShopDemo;
			sourceTree = "<group>";
		};
		A0A404412D69CCB800D71B67 /* Dependency */ = {
			isa = PBXGroup;
			children = (
				A0A404432D69D41E00D71B67 /* APIClient.swift */,
			);
			path = Dependency;
			sourceTree = "<group>";
		};
		A0AEC9992D78B53F00CCD2E0 /* Home */ = {
			isa = PBXGroup;
			children = (
				A0DAC33D2D6B6E4400A6D085 /* HomeView.swift */,
				A0A404202D6984C500D71B67 /* Components */,
			);
			path = Home;
			sourceTree = "<group>";
		};
		A0AEC99A2D78B65E00CCD2E0 /* Gadgets */ = {
			isa = PBXGroup;
			children = (
				A0E3C5022D72B1A600DE1B89 /* IceMenu.swift */,
				A0E3C5072D72BD2A00DE1B89 /* SizeMenu.swift */,
				A0E3C5052D72B20900DE1B89 /* SugarMenu.swift */,
				A00781B12D76284B00636CD6 /* PlusButton.swift */,
				A00781AF2D75F23400636CD6 /* AddToCartButton.swift */,
			);
			path = Gadgets;
			sourceTree = "<group>";
		};
		A0AEC99B2D78B79100CCD2E0 /* History */ = {
			isa = PBXGroup;
			children = (
				A0F5EBA92D6F56C600E2618D /* CartHistoryListView.swift */,
				A1CDF1FD2D792F35002C367C /* CartHistoryCardView.swift */,
			);
			path = History;
			sourceTree = "<group>";
		};
		A0AEC99C2D78B88700CCD2E0 /* Modify */ = {
			isa = PBXGroup;
			children = (
				A0AF0BC42D737052003594C6 /* CartModifyDomain.swift */,
			);
			path = Modify;
			sourceTree = "<group>";
		};
		A0DAC33C2D6B6E3B00A6D085 /* View */ = {
			isa = PBXGroup;
			children = (
				A0AEC9992D78B53F00CCD2E0 /* Home */,
				A0E3C5042D72B1B800DE1B89 /* Edit */,
				A0F5EBA52D6F4DC200E2618D /* Modify */,
				A0AEC99B2D78B79100CCD2E0 /* History */,
			);
			path = View;
			sourceTree = "<group>";
		};
		A0E3C4F02D71552E00DE1B89 /* Model */ = {
			isa = PBXGroup;
			children = (
				A0A404232D6984C500D71B67 /* Drink.swift */,
				A0A404D22D6A116700D71B67 /* CartItem.swift */,
			);
			path = Model;
			sourceTree = "<group>";
		};
		A0E3C4F12D7155D600DE1B89 /* Domain */ = {
			isa = PBXGroup;
			children = (
				A0E3C4FC2D71A11900DE1B89 /* Home */,
				A0E3C5002D71E68C00DE1B89 /* Edit */,
				A0AEC99C2D78B88700CCD2E0 /* Modify */,
				A0E3C5012D71E69F00DE1B89 /* History */,
			);
			path = Domain;
			sourceTree = "<group>";
		};
		A0E3C4FC2D71A11900DE1B89 /* Home */ = {
			isa = PBXGroup;
			children = (
				A0DAC33F2D6B6E4A00A6D085 /* HomeDomain.swift */,
				A0A404252D6984C500D71B67 /* DrinkDomain.swift */,
			);
			path = Home;
			sourceTree = "<group>";
		};
		A0E3C5002D71E68C00DE1B89 /* Edit */ = {
			isa = PBXGroup;
			children = (
				A119B8912D6DA41E00485C2B /* CartEditDomain.swift */,
				A1DD13332D6C217A008833EF /* CartItemDomain.swift */,
			);
			path = Edit;
			sourceTree = "<group>";
		};
		A0E3C5012D71E69F00DE1B89 /* History */ = {
			isa = PBXGroup;
			children = (
				A0E3C4FE2D71E66500DE1B89 /* CartHistoryDomain.swift */,
			);
			path = History;
			sourceTree = "<group>";
		};
		A0E3C5042D72B1B800DE1B89 /* Edit */ = {
			isa = PBXGroup;
			children = (
				A0F5EBA72D6F564900E2618D /* CartEditView.swift */,
				A067EAD42D83D83A00A25020 /* Components */,
			);
			path = Edit;
			sourceTree = "<group>";
		};
		A0F5EBA52D6F4DC200E2618D /* Modify */ = {
			isa = PBXGroup;
			children = (
				A1CF37362D6EFED200981CBE /* CartModifyListView.swift */,
				A0E3C50E2D733D4C00DE1B89 /* CartModifyCardView.swift */,
			);
			path = Modify;
			sourceTree = "<group>";
		};
		A0F5EBA62D6F4DD100E2618D /* Gadgets */ = {
			isa = PBXGroup;
			children = (
				A119B8932D6DB60000485C2B /* DrinkSegment.swift */,
				A0E3C5102D73496200DE1B89 /* FloatCartView.swift */,
				A0E3C5122D734A3D00DE1B89 /* Badge.swift */,
			);
			path = Gadgets;
			sourceTree = "<group>";
		};
/* End PBXGroup section */

/* Begin PBXNativeTarget section */
		A0080BCB2D68B68B00232838 /* SwiftTCAShopDemo */ = {
			isa = PBXNativeTarget;
			buildConfigurationList = A0080BF12D68B68C00232838 /* Build configuration list for PBXNativeTarget "SwiftTCAShopDemo" */;
			buildPhases = (
				A0080BC82D68B68B00232838 /* Sources */,
				A0080BC92D68B68B00232838 /* Frameworks */,
				A0080BCA2D68B68B00232838 /* Resources */,
			);
			buildRules = (
			);
			dependencies = (
			);
			name = SwiftTCAShopDemo;
			packageProductDependencies = (
				A0080BFB2D68B80800232838 /* ComposableArchitecture */,
				A0E3C4FA2D71738600DE1B89 /* Kingfisher */,
			);
			productName = SwiftTCAShopDemo;
			productReference = A0080BCC2D68B68B00232838 /* SwiftTCAShopDemo.app */;
			productType = "com.apple.product-type.application";
		};
		A0080BDC2D68B68C00232838 /* SwiftTCAShopDemoTests */ = {
			isa = PBXNativeTarget;
			buildConfigurationList = A0080BF42D68B68C00232838 /* Build configuration list for PBXNativeTarget "SwiftTCAShopDemoTests" */;
			buildPhases = (
				A0080BD92D68B68C00232838 /* Sources */,
				A0080BDA2D68B68C00232838 /* Frameworks */,
				A0080BDB2D68B68C00232838 /* Resources */,
			);
			buildRules = (
			);
			dependencies = (
				A0080BDF2D68B68C00232838 /* PBXTargetDependency */,
			);
			fileSystemSynchronizedGroups = (
				A0080BE02D68B68C00232838 /* SwiftTCAShopDemoTests */,
			);
			name = SwiftTCAShopDemoTests;
			packageProductDependencies = (
			);
			productName = SwiftTCAShopDemoTests;
			productReference = A0080BDD2D68B68C00232838 /* SwiftTCAShopDemoTests.xctest */;
			productType = "com.apple.product-type.bundle.unit-test";
		};
		A0080BE62D68B68C00232838 /* SwiftTCAShopDemoUITests */ = {
			isa = PBXNativeTarget;
			buildConfigurationList = A0080BF72D68B68C00232838 /* Build configuration list for PBXNativeTarget "SwiftTCAShopDemoUITests" */;
			buildPhases = (
				A0080BE32D68B68C00232838 /* Sources */,
				A0080BE42D68B68C00232838 /* Frameworks */,
				A0080BE52D68B68C00232838 /* Resources */,
			);
			buildRules = (
			);
			dependencies = (
				A0080BE92D68B68C00232838 /* PBXTargetDependency */,
			);
			fileSystemSynchronizedGroups = (
				A0080BEA2D68B68C00232838 /* SwiftTCAShopDemoUITests */,
			);
			name = SwiftTCAShopDemoUITests;
			packageProductDependencies = (
			);
			productName = SwiftTCAShopDemoUITests;
			productReference = A0080BE72D68B68C00232838 /* SwiftTCAShopDemoUITests.xctest */;
			productType = "com.apple.product-type.bundle.ui-testing";
		};
/* End PBXNativeTarget section */

/* Begin PBXProject section */
		A0080BC42D68B68B00232838 /* Project object */ = {
			isa = PBXProject;
			attributes = {
				BuildIndependentTargetsInParallel = 1;
				LastSwiftUpdateCheck = 1610;
				LastUpgradeCheck = 1610;
				TargetAttributes = {
					A0080BCB2D68B68B00232838 = {
						CreatedOnToolsVersion = 16.1;
					};
					A0080BDC2D68B68C00232838 = {
						CreatedOnToolsVersion = 16.1;
						TestTargetID = A0080BCB2D68B68B00232838;
					};
					A0080BE62D68B68C00232838 = {
						CreatedOnToolsVersion = 16.1;
						TestTargetID = A0080BCB2D68B68B00232838;
					};
				};
			};
			buildConfigurationList = A0080BC72D68B68B00232838 /* Build configuration list for PBXProject "SwiftTCAShopDemo" */;
			developmentRegion = en;
			hasScannedForEncodings = 0;
			knownRegions = (
				en,
				Base,
			);
			mainGroup = A0080BC32D68B68B00232838;
			minimizedProjectReferenceProxies = 1;
			packageReferences = (
				A0080BFA2D68B80800232838 /* XCRemoteSwiftPackageReference "swift-composable-architecture" */,
				A0E3C4F92D71738600DE1B89 /* XCRemoteSwiftPackageReference "Kingfisher" */,
			);
			preferredProjectObjectVersion = 77;
			productRefGroup = A0080BCD2D68B68B00232838 /* Products */;
			projectDirPath = "";
			projectRoot = "";
			targets = (
				A0080BCB2D68B68B00232838 /* SwiftTCAShopDemo */,
				A0080BDC2D68B68C00232838 /* SwiftTCAShopDemoTests */,
				A0080BE62D68B68C00232838 /* SwiftTCAShopDemoUITests */,
			);
		};
/* End PBXProject section */

/* Begin PBXResourcesBuildPhase section */
		A0080BCA2D68B68B00232838 /* Resources */ = {
			isa = PBXResourcesBuildPhase;
			buildActionMask = 2147483647;
			files = (
				A0E3C50A2D72D2AC00DE1B89 /* jf-openhuninn-2.1.ttf in Resources */,
				A0A404342D6984C500D71B67 /* Preview Assets.xcassets in Resources */,
				A0A404352D6984C500D71B67 /* Assets.xcassets in Resources */,
			);
			runOnlyForDeploymentPostprocessing = 0;
		};
		A0080BDB2D68B68C00232838 /* Resources */ = {
			isa = PBXResourcesBuildPhase;
			buildActionMask = 2147483647;
			files = (
			);
			runOnlyForDeploymentPostprocessing = 0;
		};
		A0080BE52D68B68C00232838 /* Resources */ = {
			isa = PBXResourcesBuildPhase;
			buildActionMask = 2147483647;
			files = (
			);
			runOnlyForDeploymentPostprocessing = 0;
		};
/* End PBXResourcesBuildPhase section */

/* Begin PBXSourcesBuildPhase section */
		A0080BC82D68B68B00232838 /* Sources */ = {
			isa = PBXSourcesBuildPhase;
			buildActionMask = 2147483647;
			files = (
				A0E3C50F2D733D5D00DE1B89 /* CartModifyCardView.swift in Sources */,
				A0E3C5132D734A4300DE1B89 /* Badge.swift in Sources */,
				A00781B02D75F23400636CD6 /* AddToCartButton.swift in Sources */,
				A119B8942D6DB60400485C2B /* DrinkSegment.swift in Sources */,
				A1CDF1FE2D792F3C002C367C /* CartHistoryCardView.swift in Sources */,
				A0AF0BC52D73705F003594C6 /* CartModifyDomain.swift in Sources */,
				A0E3C4FF2D71E66D00DE1B89 /* CartHistoryDomain.swift in Sources */,
				A0DAC33E2D6B6E4800A6D085 /* HomeView.swift in Sources */,
				A0F5EBA82D6F565000E2618D /* CartEditView.swift in Sources */,
				A0E3C5032D72B1A800DE1B89 /* IceMenu.swift in Sources */,
				A0A404442D69D42100D71B67 /* APIClient.swift in Sources */,
				A0E3C5082D72BD3800DE1B89 /* SizeMenu.swift in Sources */,
				A0A4042F2D6984C500D71B67 /* Drink.swift in Sources */,
				A0E3C5112D73496900DE1B89 /* FloatCartView.swift in Sources */,
				A00781B22D76284B00636CD6 /* PlusButton.swift in Sources */,
				A0A404302D6984C500D71B67 /* ProductCell.swift in Sources */,
				A1CF37372D6EFED700981CBE /* CartModifyListView.swift in Sources */,
				A119B8922D6DA42300485C2B /* CartEditDomain.swift in Sources */,
				A0F5EBAA2D6F56CE00E2618D /* CartHistoryListView.swift in Sources */,
				A0A404312D6984C500D71B67 /* DrinkDomain.swift in Sources */,
				A0A404332D6984C500D71B67 /* SwiftTCAShopDemoApp.swift in Sources */,
				A0DAC3402D6B6E4E00A6D085 /* HomeDomain.swift in Sources */,
				A0E3C5062D72B21600DE1B89 /* SugarMenu.swift in Sources */,
				A1DD13342D6C217E008833EF /* CartItemDomain.swift in Sources */,
				A0A404D32D6A116C00D71B67 /* CartItem.swift in Sources */,
			);
			runOnlyForDeploymentPostprocessing = 0;
		};
		A0080BD92D68B68C00232838 /* Sources */ = {
			isa = PBXSourcesBuildPhase;
			buildActionMask = 2147483647;
			files = (
			);
			runOnlyForDeploymentPostprocessing = 0;
		};
		A0080BE32D68B68C00232838 /* Sources */ = {
			isa = PBXSourcesBuildPhase;
			buildActionMask = 2147483647;
			files = (
			);
			runOnlyForDeploymentPostprocessing = 0;
		};
/* End PBXSourcesBuildPhase section */

/* Begin PBXTargetDependency section */
		A0080BDF2D68B68C00232838 /* PBXTargetDependency */ = {
			isa = PBXTargetDependency;
			target = A0080BCB2D68B68B00232838 /* SwiftTCAShopDemo */;
			targetProxy = A0080BDE2D68B68C00232838 /* PBXContainerItemProxy */;
		};
		A0080BE92D68B68C00232838 /* PBXTargetDependency */ = {
			isa = PBXTargetDependency;
			target = A0080BCB2D68B68B00232838 /* SwiftTCAShopDemo */;
			targetProxy = A0080BE82D68B68C00232838 /* PBXContainerItemProxy */;
		};
/* End PBXTargetDependency section */

/* Begin XCBuildConfiguration section */
		A0080BEF2D68B68C00232838 /* Debug */ = {
			isa = XCBuildConfiguration;
			buildSettings = {
				ALWAYS_SEARCH_USER_PATHS = NO;
				ASSETCATALOG_COMPILER_GENERATE_SWIFT_ASSET_SYMBOL_EXTENSIONS = YES;
				CLANG_ANALYZER_NONNULL = YES;
				CLANG_ANALYZER_NUMBER_OBJECT_CONVERSION = YES_AGGRESSIVE;
				CLANG_CXX_LANGUAGE_STANDARD = "gnu++20";
				CLANG_ENABLE_MODULES = YES;
				CLANG_ENABLE_OBJC_ARC = YES;
				CLANG_ENABLE_OBJC_WEAK = YES;
				CLANG_WARN_BLOCK_CAPTURE_AUTORELEASING = YES;
				CLANG_WARN_BOOL_CONVERSION = YES;
				CLANG_WARN_COMMA = YES;
				CLANG_WARN_CONSTANT_CONVERSION = YES;
				CLANG_WARN_DEPRECATED_OBJC_IMPLEMENTATIONS = YES;
				CLANG_WARN_DIRECT_OBJC_ISA_USAGE = YES_ERROR;
				CLANG_WARN_DOCUMENTATION_COMMENTS = YES;
				CLANG_WARN_EMPTY_BODY = YES;
				CLANG_WARN_ENUM_CONVERSION = YES;
				CLANG_WARN_INFINITE_RECURSION = YES;
				CLANG_WARN_INT_CONVERSION = YES;
				CLANG_WARN_NON_LITERAL_NULL_CONVERSION = YES;
				CLANG_WARN_OBJC_IMPLICIT_RETAIN_SELF = YES;
				CLANG_WARN_OBJC_LITERAL_CONVERSION = YES;
				CLANG_WARN_OBJC_ROOT_CLASS = YES_ERROR;
				CLANG_WARN_QUOTED_INCLUDE_IN_FRAMEWORK_HEADER = YES;
				CLANG_WARN_RANGE_LOOP_ANALYSIS = YES;
				CLANG_WARN_STRICT_PROTOTYPES = YES;
				CLANG_WARN_SUSPICIOUS_MOVE = YES;
				CLANG_WARN_UNGUARDED_AVAILABILITY = YES_AGGRESSIVE;
				CLANG_WARN_UNREACHABLE_CODE = YES;
				CLANG_WARN__DUPLICATE_METHOD_MATCH = YES;
				COPY_PHASE_STRIP = NO;
				DEBUG_INFORMATION_FORMAT = dwarf;
				ENABLE_STRICT_OBJC_MSGSEND = YES;
				ENABLE_TESTABILITY = YES;
				ENABLE_USER_SCRIPT_SANDBOXING = YES;
				GCC_C_LANGUAGE_STANDARD = gnu17;
				GCC_DYNAMIC_NO_PIC = NO;
				GCC_NO_COMMON_BLOCKS = YES;
				GCC_OPTIMIZATION_LEVEL = 0;
				GCC_PREPROCESSOR_DEFINITIONS = (
					"DEBUG=1",
					"$(inherited)",
				);
				GCC_WARN_64_TO_32_BIT_CONVERSION = YES;
				GCC_WARN_ABOUT_RETURN_TYPE = YES_ERROR;
				GCC_WARN_UNDECLARED_SELECTOR = YES;
				GCC_WARN_UNINITIALIZED_AUTOS = YES_AGGRESSIVE;
				GCC_WARN_UNUSED_FUNCTION = YES;
				GCC_WARN_UNUSED_VARIABLE = YES;
				LOCALIZATION_PREFERS_STRING_CATALOGS = YES;
				MTL_ENABLE_DEBUG_INFO = INCLUDE_SOURCE;
				MTL_FAST_MATH = YES;
				ONLY_ACTIVE_ARCH = YES;
				SWIFT_ACTIVE_COMPILATION_CONDITIONS = "DEBUG $(inherited)";
				SWIFT_OPTIMIZATION_LEVEL = "-Onone";
			};
			name = Debug;
		};
		A0080BF02D68B68C00232838 /* Release */ = {
			isa = XCBuildConfiguration;
			buildSettings = {
				ALWAYS_SEARCH_USER_PATHS = NO;
				ASSETCATALOG_COMPILER_GENERATE_SWIFT_ASSET_SYMBOL_EXTENSIONS = YES;
				CLANG_ANALYZER_NONNULL = YES;
				CLANG_ANALYZER_NUMBER_OBJECT_CONVERSION = YES_AGGRESSIVE;
				CLANG_CXX_LANGUAGE_STANDARD = "gnu++20";
				CLANG_ENABLE_MODULES = YES;
				CLANG_ENABLE_OBJC_ARC = YES;
				CLANG_ENABLE_OBJC_WEAK = YES;
				CLANG_WARN_BLOCK_CAPTURE_AUTORELEASING = YES;
				CLANG_WARN_BOOL_CONVERSION = YES;
				CLANG_WARN_COMMA = YES;
				CLANG_WARN_CONSTANT_CONVERSION = YES;
				CLANG_WARN_DEPRECATED_OBJC_IMPLEMENTATIONS = YES;
				CLANG_WARN_DIRECT_OBJC_ISA_USAGE = YES_ERROR;
				CLANG_WARN_DOCUMENTATION_COMMENTS = YES;
				CLANG_WARN_EMPTY_BODY = YES;
				CLANG_WARN_ENUM_CONVERSION = YES;
				CLANG_WARN_INFINITE_RECURSION = YES;
				CLANG_WARN_INT_CONVERSION = YES;
				CLANG_WARN_NON_LITERAL_NULL_CONVERSION = YES;
				CLANG_WARN_OBJC_IMPLICIT_RETAIN_SELF = YES;
				CLANG_WARN_OBJC_LITERAL_CONVERSION = YES;
				CLANG_WARN_OBJC_ROOT_CLASS = YES_ERROR;
				CLANG_WARN_QUOTED_INCLUDE_IN_FRAMEWORK_HEADER = YES;
				CLANG_WARN_RANGE_LOOP_ANALYSIS = YES;
				CLANG_WARN_STRICT_PROTOTYPES = YES;
				CLANG_WARN_SUSPICIOUS_MOVE = YES;
				CLANG_WARN_UNGUARDED_AVAILABILITY = YES_AGGRESSIVE;
				CLANG_WARN_UNREACHABLE_CODE = YES;
				CLANG_WARN__DUPLICATE_METHOD_MATCH = YES;
				COPY_PHASE_STRIP = NO;
				DEBUG_INFORMATION_FORMAT = "dwarf-with-dsym";
				ENABLE_NS_ASSERTIONS = NO;
				ENABLE_STRICT_OBJC_MSGSEND = YES;
				ENABLE_USER_SCRIPT_SANDBOXING = YES;
				GCC_C_LANGUAGE_STANDARD = gnu17;
				GCC_NO_COMMON_BLOCKS = YES;
				GCC_WARN_64_TO_32_BIT_CONVERSION = YES;
				GCC_WARN_ABOUT_RETURN_TYPE = YES_ERROR;
				GCC_WARN_UNDECLARED_SELECTOR = YES;
				GCC_WARN_UNINITIALIZED_AUTOS = YES_AGGRESSIVE;
				GCC_WARN_UNUSED_FUNCTION = YES;
				GCC_WARN_UNUSED_VARIABLE = YES;
				LOCALIZATION_PREFERS_STRING_CATALOGS = YES;
				MTL_ENABLE_DEBUG_INFO = NO;
				MTL_FAST_MATH = YES;
				SWIFT_COMPILATION_MODE = wholemodule;
			};
			name = Release;
		};
		A0080BF22D68B68C00232838 /* Debug */ = {
			isa = XCBuildConfiguration;
			buildSettings = {
				ASSETCATALOG_COMPILER_APPICON_NAME = AppIcon;
				ASSETCATALOG_COMPILER_GLOBAL_ACCENT_COLOR_NAME = AccentColor;
				CODE_SIGN_ENTITLEMENTS = SwiftTCAShopDemo/SwiftTCAShopDemo.entitlements;
				CODE_SIGN_STYLE = Automatic;
				CURRENT_PROJECT_VERSION = 1;
				DEVELOPMENT_ASSET_PATHS = "\"SwiftTCAShopDemo/Preview Content\"";
				DEVELOPMENT_TEAM = B58WWRW5W2;
				ENABLE_HARDENED_RUNTIME = YES;
				ENABLE_PREVIEWS = YES;
				GENERATE_INFOPLIST_FILE = YES;
				INFOPLIST_FILE = SwiftTCAShopDemo/Info.plist;
				"INFOPLIST_KEY_UIApplicationSceneManifest_Generation[sdk=iphoneos*]" = YES;
				"INFOPLIST_KEY_UIApplicationSceneManifest_Generation[sdk=iphonesimulator*]" = YES;
				"INFOPLIST_KEY_UIApplicationSupportsIndirectInputEvents[sdk=iphoneos*]" = YES;
				"INFOPLIST_KEY_UIApplicationSupportsIndirectInputEvents[sdk=iphonesimulator*]" = YES;
				"INFOPLIST_KEY_UILaunchScreen_Generation[sdk=iphoneos*]" = YES;
				"INFOPLIST_KEY_UILaunchScreen_Generation[sdk=iphonesimulator*]" = YES;
				"INFOPLIST_KEY_UIStatusBarStyle[sdk=iphoneos*]" = UIStatusBarStyleDefault;
				"INFOPLIST_KEY_UIStatusBarStyle[sdk=iphonesimulator*]" = UIStatusBarStyleDefault;
				INFOPLIST_KEY_UISupportedInterfaceOrientations_iPad = "UIInterfaceOrientationPortrait UIInterfaceOrientationPortraitUpsideDown UIInterfaceOrientationLandscapeLeft UIInterfaceOrientationLandscapeRight";
				INFOPLIST_KEY_UISupportedInterfaceOrientations_iPhone = "UIInterfaceOrientationPortrait UIInterfaceOrientationLandscapeLeft UIInterfaceOrientationLandscapeRight";
				IPHONEOS_DEPLOYMENT_TARGET = 17.0;
				LD_RUNPATH_SEARCH_PATHS = "@executable_path/Frameworks";
				"LD_RUNPATH_SEARCH_PATHS[sdk=macosx*]" = "@executable_path/../Frameworks";
				MACOSX_DEPLOYMENT_TARGET = 15.1;
				MARKETING_VERSION = 1.0;
				PRODUCT_BUNDLE_IDENTIFIER = andylin.SwiftTCAShopDemo;
				PRODUCT_NAME = "$(TARGET_NAME)";
				SDKROOT = auto;
				SUPPORTED_PLATFORMS = "iphoneos iphonesimulator macosx xros xrsimulator";
				SWIFT_EMIT_LOC_STRINGS = YES;
				SWIFT_VERSION = 5.0;
				TARGETED_DEVICE_FAMILY = "1,2,7";
				XROS_DEPLOYMENT_TARGET = 2.1;
			};
			name = Debug;
		};
		A0080BF32D68B68C00232838 /* Release */ = {
			isa = XCBuildConfiguration;
			buildSettings = {
				ASSETCATALOG_COMPILER_APPICON_NAME = AppIcon;
				ASSETCATALOG_COMPILER_GLOBAL_ACCENT_COLOR_NAME = AccentColor;
				CODE_SIGN_ENTITLEMENTS = SwiftTCAShopDemo/SwiftTCAShopDemo.entitlements;
				CODE_SIGN_STYLE = Automatic;
				CURRENT_PROJECT_VERSION = 1;
				DEVELOPMENT_ASSET_PATHS = "\"SwiftTCAShopDemo/Preview Content\"";
				DEVELOPMENT_TEAM = B58WWRW5W2;
				ENABLE_HARDENED_RUNTIME = YES;
				ENABLE_PREVIEWS = YES;
				GENERATE_INFOPLIST_FILE = YES;
				INFOPLIST_FILE = SwiftTCAShopDemo/Info.plist;
				"INFOPLIST_KEY_UIApplicationSceneManifest_Generation[sdk=iphoneos*]" = YES;
				"INFOPLIST_KEY_UIApplicationSceneManifest_Generation[sdk=iphonesimulator*]" = YES;
				"INFOPLIST_KEY_UIApplicationSupportsIndirectInputEvents[sdk=iphoneos*]" = YES;
				"INFOPLIST_KEY_UIApplicationSupportsIndirectInputEvents[sdk=iphonesimulator*]" = YES;
				"INFOPLIST_KEY_UILaunchScreen_Generation[sdk=iphoneos*]" = YES;
				"INFOPLIST_KEY_UILaunchScreen_Generation[sdk=iphonesimulator*]" = YES;
				"INFOPLIST_KEY_UIStatusBarStyle[sdk=iphoneos*]" = UIStatusBarStyleDefault;
				"INFOPLIST_KEY_UIStatusBarStyle[sdk=iphonesimulator*]" = UIStatusBarStyleDefault;
				INFOPLIST_KEY_UISupportedInterfaceOrientations_iPad = "UIInterfaceOrientationPortrait UIInterfaceOrientationPortraitUpsideDown UIInterfaceOrientationLandscapeLeft UIInterfaceOrientationLandscapeRight";
				INFOPLIST_KEY_UISupportedInterfaceOrientations_iPhone = "UIInterfaceOrientationPortrait UIInterfaceOrientationLandscapeLeft UIInterfaceOrientationLandscapeRight";
				IPHONEOS_DEPLOYMENT_TARGET = 17.0;
				LD_RUNPATH_SEARCH_PATHS = "@executable_path/Frameworks";
				"LD_RUNPATH_SEARCH_PATHS[sdk=macosx*]" = "@executable_path/../Frameworks";
				MACOSX_DEPLOYMENT_TARGET = 15.1;
				MARKETING_VERSION = 1.0;
				PRODUCT_BUNDLE_IDENTIFIER = andylin.SwiftTCAShopDemo;
				PRODUCT_NAME = "$(TARGET_NAME)";
				SDKROOT = auto;
				SUPPORTED_PLATFORMS = "iphoneos iphonesimulator macosx xros xrsimulator";
				SWIFT_EMIT_LOC_STRINGS = YES;
				SWIFT_VERSION = 5.0;
				TARGETED_DEVICE_FAMILY = "1,2,7";
				XROS_DEPLOYMENT_TARGET = 2.1;
			};
			name = Release;
		};
		A0080BF52D68B68C00232838 /* Debug */ = {
			isa = XCBuildConfiguration;
			buildSettings = {
				BUNDLE_LOADER = "$(TEST_HOST)";
				CODE_SIGN_STYLE = Automatic;
				CURRENT_PROJECT_VERSION = 1;
				DEVELOPMENT_TEAM = B58WWRW5W2;
				GENERATE_INFOPLIST_FILE = YES;
				IPHONEOS_DEPLOYMENT_TARGET = 18.1;
				MACOSX_DEPLOYMENT_TARGET = 15.1;
				MARKETING_VERSION = 1.0;
				PRODUCT_BUNDLE_IDENTIFIER = andylin.SwiftTCAShopDemoTests;
				PRODUCT_NAME = "$(TARGET_NAME)";
				SDKROOT = auto;
				SUPPORTED_PLATFORMS = "iphoneos iphonesimulator macosx xros xrsimulator";
				SWIFT_EMIT_LOC_STRINGS = NO;
				SWIFT_VERSION = 5.0;
				TARGETED_DEVICE_FAMILY = "1,2,7";
				TEST_HOST = "$(BUILT_PRODUCTS_DIR)/SwiftTCAShopDemo.app/$(BUNDLE_EXECUTABLE_FOLDER_PATH)/SwiftTCAShopDemo";
				XROS_DEPLOYMENT_TARGET = 2.1;
			};
			name = Debug;
		};
		A0080BF62D68B68C00232838 /* Release */ = {
			isa = XCBuildConfiguration;
			buildSettings = {
				BUNDLE_LOADER = "$(TEST_HOST)";
				CODE_SIGN_STYLE = Automatic;
				CURRENT_PROJECT_VERSION = 1;
				DEVELOPMENT_TEAM = B58WWRW5W2;
				GENERATE_INFOPLIST_FILE = YES;
				IPHONEOS_DEPLOYMENT_TARGET = 18.1;
				MACOSX_DEPLOYMENT_TARGET = 15.1;
				MARKETING_VERSION = 1.0;
				PRODUCT_BUNDLE_IDENTIFIER = andylin.SwiftTCAShopDemoTests;
				PRODUCT_NAME = "$(TARGET_NAME)";
				SDKROOT = auto;
				SUPPORTED_PLATFORMS = "iphoneos iphonesimulator macosx xros xrsimulator";
				SWIFT_EMIT_LOC_STRINGS = NO;
				SWIFT_VERSION = 5.0;
				TARGETED_DEVICE_FAMILY = "1,2,7";
				TEST_HOST = "$(BUILT_PRODUCTS_DIR)/SwiftTCAShopDemo.app/$(BUNDLE_EXECUTABLE_FOLDER_PATH)/SwiftTCAShopDemo";
				XROS_DEPLOYMENT_TARGET = 2.1;
			};
			name = Release;
		};
		A0080BF82D68B68C00232838 /* Debug */ = {
			isa = XCBuildConfiguration;
			buildSettings = {
				CODE_SIGN_STYLE = Automatic;
				CURRENT_PROJECT_VERSION = 1;
				DEVELOPMENT_TEAM = B58WWRW5W2;
				GENERATE_INFOPLIST_FILE = YES;
				IPHONEOS_DEPLOYMENT_TARGET = 18.1;
				MACOSX_DEPLOYMENT_TARGET = 15.1;
				MARKETING_VERSION = 1.0;
				PRODUCT_BUNDLE_IDENTIFIER = andylin.SwiftTCAShopDemoUITests;
				PRODUCT_NAME = "$(TARGET_NAME)";
				SDKROOT = auto;
				SUPPORTED_PLATFORMS = "iphoneos iphonesimulator macosx xros xrsimulator";
				SWIFT_EMIT_LOC_STRINGS = NO;
				SWIFT_VERSION = 5.0;
				TARGETED_DEVICE_FAMILY = "1,2,7";
				TEST_TARGET_NAME = SwiftTCAShopDemo;
				XROS_DEPLOYMENT_TARGET = 2.1;
			};
			name = Debug;
		};
		A0080BF92D68B68C00232838 /* Release */ = {
			isa = XCBuildConfiguration;
			buildSettings = {
				CODE_SIGN_STYLE = Automatic;
				CURRENT_PROJECT_VERSION = 1;
				DEVELOPMENT_TEAM = B58WWRW5W2;
				GENERATE_INFOPLIST_FILE = YES;
				IPHONEOS_DEPLOYMENT_TARGET = 18.1;
				MACOSX_DEPLOYMENT_TARGET = 15.1;
				MARKETING_VERSION = 1.0;
				PRODUCT_BUNDLE_IDENTIFIER = andylin.SwiftTCAShopDemoUITests;
				PRODUCT_NAME = "$(TARGET_NAME)";
				SDKROOT = auto;
				SUPPORTED_PLATFORMS = "iphoneos iphonesimulator macosx xros xrsimulator";
				SWIFT_EMIT_LOC_STRINGS = NO;
				SWIFT_VERSION = 5.0;
				TARGETED_DEVICE_FAMILY = "1,2,7";
				TEST_TARGET_NAME = SwiftTCAShopDemo;
				XROS_DEPLOYMENT_TARGET = 2.1;
			};
			name = Release;
		};
/* End XCBuildConfiguration section */

/* Begin XCConfigurationList section */
		A0080BC72D68B68B00232838 /* Build configuration list for PBXProject "SwiftTCAShopDemo" */ = {
			isa = XCConfigurationList;
			buildConfigurations = (
				A0080BEF2D68B68C00232838 /* Debug */,
				A0080BF02D68B68C00232838 /* Release */,
			);
			defaultConfigurationIsVisible = 0;
			defaultConfigurationName = Release;
		};
		A0080BF12D68B68C00232838 /* Build configuration list for PBXNativeTarget "SwiftTCAShopDemo" */ = {
			isa = XCConfigurationList;
			buildConfigurations = (
				A0080BF22D68B68C00232838 /* Debug */,
				A0080BF32D68B68C00232838 /* Release */,
			);
			defaultConfigurationIsVisible = 0;
			defaultConfigurationName = Release;
		};
		A0080BF42D68B68C00232838 /* Build configuration list for PBXNativeTarget "SwiftTCAShopDemoTests" */ = {
			isa = XCConfigurationList;
			buildConfigurations = (
				A0080BF52D68B68C00232838 /* Debug */,
				A0080BF62D68B68C00232838 /* Release */,
			);
			defaultConfigurationIsVisible = 0;
			defaultConfigurationName = Release;
		};
		A0080BF72D68B68C00232838 /* Build configuration list for PBXNativeTarget "SwiftTCAShopDemoUITests" */ = {
			isa = XCConfigurationList;
			buildConfigurations = (
				A0080BF82D68B68C00232838 /* Debug */,
				A0080BF92D68B68C00232838 /* Release */,
			);
			defaultConfigurationIsVisible = 0;
			defaultConfigurationName = Release;
		};
/* End XCConfigurationList section */

/* Begin XCRemoteSwiftPackageReference section */
		A0080BFA2D68B80800232838 /* XCRemoteSwiftPackageReference "swift-composable-architecture" */ = {
			isa = XCRemoteSwiftPackageReference;
			repositoryURL = "https://github.com/pointfreeco/swift-composable-architecture.git";
			requirement = {
				kind = upToNextMajorVersion;
				minimumVersion = 1.17.1;
			};
		};
		A0E3C4F92D71738600DE1B89 /* XCRemoteSwiftPackageReference "Kingfisher" */ = {
			isa = XCRemoteSwiftPackageReference;
			repositoryURL = "https://github.com/onevcat/Kingfisher";
			requirement = {
				kind = upToNextMajorVersion;
				minimumVersion = 8.2.0;
			};
		};
/* End XCRemoteSwiftPackageReference section */

/* Begin XCSwiftPackageProductDependency section */
		A0080BFB2D68B80800232838 /* ComposableArchitecture */ = {
			isa = XCSwiftPackageProductDependency;
			package = A0080BFA2D68B80800232838 /* XCRemoteSwiftPackageReference "swift-composable-architecture" */;
			productName = ComposableArchitecture;
		};
		A0E3C4FA2D71738600DE1B89 /* Kingfisher */ = {
			isa = XCSwiftPackageProductDependency;
			package = A0E3C4F92D71738600DE1B89 /* XCRemoteSwiftPackageReference "Kingfisher" */;
			productName = Kingfisher;
		};
/* End XCSwiftPackageProductDependency section */
	};
	rootObject = A0080BC42D68B68B00232838 /* Project object */;
}
